# THIS IS AN AUTOGENERATED FILE. DO NOT EDIT THIS FILE DIRECTLY.
assets/bold-currency-bootstrap.js:
  development: 2018-05-06T07:28:01-12:00
assets/bold-currency-picker.css:
  development: 2018-05-06T07:28:02-12:00
assets/chiko-icons.eot:
  development: 2018-04-29T08:16:03-12:00   6173094055b0a2d8390ff08c84e59a95
assets/chiko-icons.woff:
  development: 2018-04-29T08:16:03-12:00   b699a4f8fedf014ffe31a4610f121a75
assets/close-icon.svg:
  development: 2018-04-29T08:16:03-12:00   287faf5ced15f903a91f5a4ecff46577
assets/flags.min.css:
  development: 2018-05-06T07:28:05-12:00
assets/gift-card.scss.liquid:
  development: 2018-04-29T08:16:03-12:00   bcc5f12d78c19844d535ec3a99bf8404
assets/jquery-3.3.1.min.js:
  development: 2018-04-29T08:16:03-12:00   a09e13ee94d51c524b7e2a728c7d4039
assets/jquery.cart.min.js:
  development: 2018-04-29T08:16:03-12:00   fa05ca05ba69c22eea92bb5630c85eae
assets/jquery.currencies.js:
  development: 2018-04-29T08:16:03-12:00   fbda3f892f5bfe99013e90c545ecef31
assets/modernizr-2.8.2.min.js:
  development: 2018-04-29T08:16:03-12:00   451265522099ed9eba05f4fc4b8a257c
assets/no-image.png:
  development: 2018-04-29T08:16:04-12:00   dbcf571b95733efe9d94e4701fcc74a7
assets/no-image.svg:
  development: 2018-04-29T08:16:04-12:00   006f60890bb652d46e990d38e5600c15
assets/plugins.js:
  development: 2018-04-29T08:16:04-12:00   a13a8404ed9e619cb3487fa8b61d4fc2
assets/pxu-social-icons.eot:
  development: 2018-04-29T08:16:04-12:00   0fd296709d57d487ae015953225b421c
assets/pxu-social-icons.svg:
  development: 2018-04-29T08:16:04-12:00   0d531e91e50ad10c78172c2b945d919f
assets/pxu-social-icons.ttf:
  development: 2018-04-29T08:16:04-12:00   f566705966769ec1b54e4616ec3b7127
assets/pxu-social-icons.woff:
  development: 2018-04-29T08:16:04-12:00   a636b98ff0c4dfd0a0a63e3498bb6874
assets/theme.js.liquid:
  development: 2018-04-29T08:16:04-12:00   00aadffb4ba57066c5905c5030b43a94
assets/theme.scss.liquid:
  development: 2018-05-07T12:30:41-12:00   21fa5af1a1286db1af8b2bc8b9e391dd
config/settings_data.json:
  development: 2018-05-06T13:37:19-12:00   604eb236b7a12b618d4e0d52750b0462
config/settings_schema.json:
  development: 2018-04-29T08:16:08-12:00   69a8b0ff1ddcc00c84846d4c58058a77
layout/alternative.liquid:
  development: 2018-04-29T08:16:05-12:00   1cdf4cec245b4177c80968210a842b91
layout/theme.liquid:
  development: 2018-04-29T08:16:05-12:00   0fdcc5a194cb55bdae92b2af1e4ec15f
locales/en.default.json:
  development: 2018-05-29T14:52:04-12:00   9f9b0a96d583a04ac0a153a19ba7b270
sections/article.liquid:
  development: 2018-04-29T08:16:01-12:00   c60d92b307fb01fd8420a421873836c2
sections/blog-masonry.liquid:
  development: 2018-04-29T08:16:01-12:00   4a0513f361b2c9bb54cb2c9918fd44a4
sections/blog.liquid:
  development: 2018-04-29T08:16:01-12:00   caa37154461d7928ddb51d6e45e1f7d1
sections/cart.liquid:
  development: 2018-04-29T08:16:01-12:00   f1321f4b854f7c1718333bfa6d6f86ea
sections/collection-list.liquid:
  development: 2018-04-29T08:16:01-12:00   6e757c4543a9438e0e2c4a530cbeded0
sections/collection.liquid:
  development: 2018-04-29T08:16:01-12:00   1f60edd23862eeda1b2faadcf95fce8e
sections/footer.liquid:
  development: 2018-05-06T10:33:20-12:00   5e2a11c90de0292cf78f7579c4ead74f
sections/header.liquid:
  development: 2018-04-29T08:16:02-12:00   855dc0eccf50612d6f85ac6399f5be82
sections/home-blog.liquid:
  development: 2018-04-29T08:16:02-12:00   14f1a85016a164f4bcfc46e56d64714a
sections/home-collections.liquid:
  development: 2018-04-29T08:16:02-12:00   e0cc8cd76ed157bb21d54bdc4c56808c
sections/home-masonry-alternative.liquid:
  development: 2018-04-29T08:16:02-12:00   a37ef4b25e7ceeb4e218ac48fe677eea
sections/home-masonry.liquid:
  development: 2018-04-29T08:16:02-12:00   5ef808b832c65904d98c4967a5c041b6
sections/home-message.liquid:
  development: 2018-04-29T08:16:02-12:00   5386f3f32edbdf4e0e80ca1e4eb4f421
sections/home-product.liquid:
  development: 2018-04-29T08:16:02-12:00   26a94075693d9df7b2dc5eba218f53d6
sections/home-products.liquid:
  development: 2018-04-29T08:16:02-12:00   ed482dbbd1e373d96b95b6f8e4258f0b
sections/home-slideshow.liquid:
  development: 2018-04-29T08:16:02-12:00   af88d748e423b2362db70ea8b834c7ba
sections/home-social-widgets.liquid:
  development: 2018-04-29T08:16:02-12:00   244d029295acf6685d9691236fb6e787
sections/home-testimonials.liquid:
  development: 2018-04-29T08:16:02-12:00   2dbacf12438c150e006989e55f2658dd
sections/home-video.liquid:
  development: 2018-04-29T08:16:02-12:00   502b48ac687e9aa167314a5f23b2ff1c
sections/product.liquid:
  development: 2018-04-29T08:16:02-12:00   1deb7801a41a9d21d56ecc80922fa114
sections/pxs-announcement-bar.liquid:
  development: 2018-04-29T08:16:02-12:00   96ffc63131d60eb44c514da849fd8c13
sections/pxs-image-with-text-overlay.liquid:
  development: 2018-04-29T08:16:02-12:00   09529ab74d7a9d1e61b5a09aee36ef0e
sections/pxs-map.liquid:
  development: 2018-04-29T08:16:02-12:00   17bf3136a7a8d98d5560292e148bec2d
sections/pxs-newsletter.liquid:
  development: 2018-04-29T08:16:03-12:00   2cf1499daf535a3c11bc9dca9b3ac9ce
snippets/block-blog-promo.liquid:
  development: 2018-04-29T08:16:05-12:00   bdf28fa962028e6747fa18407a6fb951
snippets/bold-currency-converter.liquid:
  development: 2018-05-06T07:28:01-12:00   361484f22da8219b366bc6007550a631
snippets/bold-currency-picker-mount.liquid:
  development: 2018-05-06T07:28:02-12:00   b9bf8ea172627c2975ddccd1c4fd9622
snippets/bold-currency-templates.liquid:
  development: 2018-05-06T07:28:03-12:00   d625675cf586801d671787d92672fabe
snippets/breadcrumbs.liquid:
  development: 2018-05-29T14:21:36-12:00   721fa8914e878ca0cacd31e4430cd454
snippets/collection-list-item.liquid:
  development: 2018-04-29T08:16:05-12:00   14c03bfd2a573e4add95582c7568b952
snippets/dropdown.liquid:
  development: 2018-04-29T08:16:05-12:00   1886c3512c3676f5d7ec20bffb73d200
snippets/for-looper.liquid:
  development: 2018-04-29T08:16:05-12:00   eba9fc0e23ff04300e6c5a5bcc6e0328
snippets/home-blog-post.liquid:
  development: 2018-04-29T08:16:05-12:00   346f67a326ae7f535fadb54c6181dc21
snippets/home-collection.liquid:
  development: 2018-04-29T08:16:05-12:00   0610cef4c7cbb33303a7feb2fac138c6
snippets/home-masonry-feature.liquid:
  development: 2018-04-29T08:16:05-12:00   f86ae83687916f6c4048cc280d0587f3
snippets/home-onboard-product.liquid:
  development: 2018-04-29T08:16:05-12:00   7c86e05b2763c4eb65e86dcd98715a90
snippets/home-slideshow-slide.liquid:
  development: 2018-04-29T08:16:05-12:00   dd64a51630582225efa5ca97af0eca57
snippets/icons.liquid:
  development: 2018-04-29T08:16:05-12:00   88dbbf0e3590b2d2c225b459739bae3a
snippets/is-dropdown-or-meganav.liquid:
  development: 2018-04-29T08:16:05-12:00   5538859097a4f43203443d51ff9f4a6a
snippets/loading-animation.liquid:
  development: 2018-04-29T08:16:05-12:00   90cd4aa1ba57886e56d4141e5df0db0e
snippets/mega-nav.liquid:
  development: 2018-04-29T08:16:06-12:00   fe30f473f36f81b29fdac02b01a6e51e
snippets/mini-cart.liquid:
  development: 2018-04-29T08:16:06-12:00   57199860e72f9053e0813b996cbb8e19
snippets/modal.liquid:
  development: 2018-04-29T08:16:06-12:00   1ef3e2262d832cb3d95c2908c612a552
snippets/money.liquid:
  development: 2018-04-29T08:16:06-12:00   d186a85b72f4e5a297d9d58e4336c320
snippets/newsletter.liquid:
  development: 2018-04-29T08:16:06-12:00   410ba52ca3446f248ba4f651fdc2c47b
snippets/pagination.liquid:
  development: 2018-04-29T08:16:06-12:00   e531d4a7a548b0eb14659e5a07ee2e40
snippets/payment-icon.liquid:
  development: 2018-04-29T08:16:06-12:00   e7de9a704ec07278d4f7aea8e5aeb49a
snippets/payment.liquid:
  development: 2018-04-29T08:16:06-12:00   50e1b277aaf51429d3243344a4adc614
snippets/product-list-item.liquid:
  development: 2018-04-29T08:16:06-12:00   ea10b5c4e9eb9c147e3657eef5b06013
snippets/product-options-dropdown.liquid:
  development: 2018-04-29T08:16:06-12:00   e20b0da3440a5753343ab48153e7c0a7
snippets/product.liquid:
  development: 2018-04-29T08:16:06-12:00   eca6d92e79666761c996d8f23c7852c7
snippets/quickshop.liquid:
  development: 2018-04-29T08:16:06-12:00   91f3239f9047cbc8643d4c445a0d26c1
snippets/related-products.liquid:
  development: 2018-04-29T08:16:06-12:00   97933722e99b0b20f48635040e9a06ad
snippets/rimg.liquid:
  development: 2018-04-29T08:16:06-12:00   980cdfa1300a1a36178a54d1fb4db7d1
snippets/section-article-post.liquid:
  development: 2018-04-29T08:16:06-12:00   cac8e21c7b9f4dd9127e0f19f9916b80
snippets/section-blog-post-masonry.liquid:
  development: 2018-04-29T08:16:06-12:00   68b881e4433c4e7eda473c66dcf3c77f
snippets/section-blog-post.liquid:
  development: 2018-04-29T08:16:06-12:00   6eee7d9a25af7938c15f67e70da152f9
snippets/section-blog-sidebar.liquid:
  development: 2018-04-29T08:16:06-12:00   d165703723f40a63c30ca75ef9116ea8
snippets/share-buttons.liquid:
  development: 2018-04-29T08:16:06-12:00   d1eb79f2782b91b625461848fff38fb1
snippets/shipping-calculator.liquid:
  development: 2018-04-29T08:16:06-12:00   497d10deba14bffaa7e5af5b07961221
snippets/social-icon.liquid:
  development: 2018-04-29T08:16:07-12:00   25f5d7c66801e3c96840a0e512070110
snippets/social-link.liquid:
  development: 2018-04-29T08:16:07-12:00   843ebf7ce8b192d2e51212a9bd7c67fb
snippets/social-meta.liquid:
  development: 2018-04-29T08:16:07-12:00   d035e0d4a3d48715032a52ad7ef041b7
snippets/social.liquid:
  development: 2018-04-29T08:16:07-12:00   3ed800428d9863e33d628b8a8696dcdd
snippets/svg-placeholder-uri.liquid:
  development: 2018-04-29T08:16:07-12:00   a17fcc60a453f25678f544ae22a0f6e3
snippets/svg-sprite.liquid:
  development: 2018-04-29T08:16:07-12:00   89196daa4fcb4edc9ba0fd471bae1159
snippets/theme-options.liquid:
  development: 2018-04-29T08:16:07-12:00   9d09a7cc96bdab549707860002591c76
templates/404.liquid:
  development: 2018-04-29T08:16:07-12:00   ea1d5b0f21d67adf643a85e79c579f82
templates/article.liquid:
  development: 2018-04-29T08:16:07-12:00   c26c94d99108d1e01e35b4fa59e3b46a
templates/blog.liquid:
  development: 2018-04-29T08:16:07-12:00   68c6fe512031f71cb0a2b030fdfe8748
templates/blog.masonry.liquid:
  development: 2018-04-29T08:16:07-12:00   170967c0277df05396a81b2453de7201
templates/cart.liquid:
  development: 2018-04-29T08:16:07-12:00   07518aa7820c837d23253032a739527a
templates/collection.liquid:
  development: 2018-04-29T08:16:07-12:00   45679fe18bba5258d6981e67d583a328
templates/customers/account.My Account.liquid:
  development: 2018-05-06T08:06:53-12:00   366f28714a863f1ddb2eb85383f9dec0
templates/customers/account.liquid:
  development: 2018-04-29T08:16:07-12:00   366f28714a863f1ddb2eb85383f9dec0
templates/customers/activate_account.liquid:
  development: 2018-04-29T08:16:07-12:00   124d9bf0621fe79e6f63c226ab4acb3f
templates/customers/addresses.liquid:
  development: 2018-04-29T08:16:07-12:00   6c917792c86dcf8e3cd409b6f246608e
templates/customers/login.Login.liquid:
  development: 2018-05-06T05:41:44-12:00   3527d9e6a8386c237c0417039905ea4a
templates/customers/login.liquid:
  development: 2018-04-29T08:16:07-12:00   3527d9e6a8386c237c0417039905ea4a
templates/customers/order.liquid:
  development: 2018-04-29T08:16:07-12:00   a13ef9206ce99cafae02064f25255167
templates/customers/register.liquid:
  development: 2018-04-29T08:16:07-12:00   c2257d2490e2ca405570f61ddb046528
templates/customers/reset_password.liquid:
  development: 2018-04-29T08:16:07-12:00   15d11096b49cc7fc087da063b2b77fad
templates/gift_card.liquid:
  development: 2018-04-29T08:16:07-12:00   5097b9b3a5aa800ff2f16b5794935c93
templates/index.liquid:
  development: 2018-04-29T08:16:08-12:00   170416b947b8eaebdaad1028472085cd
templates/list-collections.liquid:
  development: 2018-04-29T08:16:08-12:00   af00c95e02d1a557d2309960eb53713f
templates/page.contact.liquid:
  development: 2018-04-29T08:16:08-12:00   c25ecbefad528bbc3de03b7d191fb793
templates/page.liquid:
  development: 2018-04-29T08:16:08-12:00   4028969f25c3c5e1ae0da47afad5c93e
templates/password.liquid:
  development: 2018-04-29T08:16:08-12:00   5eb988f4fe7b440ac64508c2f9a67bb0
templates/product.ajax.liquid:
  development: 2018-04-29T08:16:08-12:00   b299e5d4d308c0352fd8190d49dd85fb
templates/product.liquid:
  development: 2018-04-29T08:16:08-12:00   59f00c5972adab3abdf90379c573fb9e
templates/search.liquid:
  development: 2018-04-29T08:16:08-12:00   5f07a3be0c3546d01145cc536bd7970d
